
Microsoft Visual Studio Solution File, Format Version 12.00
# Visual Studio Version 16
VisualStudioVersion = 16.0.810.17
MinimumVisualStudioVersion = 10.0.40219.1
Project("{FAE04EC0-301F-11D3-BF4B-00C04F79EFBC}") = "CalculatorBlazor", "CalculatorBlazor.csproj", "{849B1F86-1914-4727-A797-B3212707848E}"
EndProject
Global
	GlobalSection(SolutionConfigurationPlatforms) = preSolution
		Debug|Any CPU = Debug|Any CPU
		Release|Any CPU = Release|Any CPU
	EndGlobalSection
	GlobalSection(ProjectConfigurationPlatforms) = postSolution
		{849B1F86-1914-4727-A797-B3212707848E}.Debug|Any CPU.ActiveCfg = Debug|Any CPU
		{849B1F86-1914-4727-A797-B3212707848E}.Debug|Any CPU.Build.0 = Debug|Any CPU
		{849B1F86-1914-4727-A797-B3212707848E}.Release|Any CPU.ActiveCfg = Release|Any CPU
		{849B1F86-1914-4727-A797-B3212707848E}.Release|Any CPU.Build.0 = Release|Any CPU
	EndGlobalSection
	GlobalSection(SolutionProperties) = preSolution
		HideSolutionNode = FALSE
	EndGlobalSection
	GlobalSection(ExtensibilityGlobals) = postSolution
		SolutionGuid = {D454DFEA-C2D5-46E7-849E-B21979DF2667}
	EndGlobalSection
EndGlobal
